
Microsoft Visual Studio Solution File, Format Version 12.00
# Visual Studio Version 16
VisualStudioVersion = 16.0.30804.86
MinimumVisualStudioVersion = 10.0.40219.1
Project("{FAE04EC0-301F-11D3-BF4B-00C04F79EFBC}") = "OCP.SalaryCalculator", "OCP.SalaryCalculator\OCP.SalaryCalculator.csproj", "{2B3EF42F-8249-4AB5-916D-EDCCC51CB359}"
EndProject
Project("{FAE04EC0-301F-11D3-BF4B-00C04F79EFBC}") = "main", "main\main.csproj", "{BEEB5CDA-B9A8-4B3A-B45D-536FCB81776F}"
EndProject
Global
	GlobalSection(SolutionConfigurationPlatforms) = preSolution
		Debug|Any CPU = Debug|Any CPU
		Release|Any CPU = Release|Any CPU
	EndGlobalSection
	GlobalSection(ProjectConfigurationPlatforms) = postSolution
		{2B3EF42F-8249-4AB5-916D-EDCCC51CB359}.Debug|Any CPU.ActiveCfg = Debug|Any CPU
		{2B3EF42F-8249-4AB5-916D-EDCCC51CB359}.Debug|Any CPU.Build.0 = Debug|Any CPU
		{2B3EF42F-8249-4AB5-916D-EDCCC51CB359}.Release|Any CPU.ActiveCfg = Release|Any CPU
		{2B3EF42F-8249-4AB5-916D-EDCCC51CB359}.Release|Any CPU.Build.0 = Release|Any CPU
		{BEEB5CDA-B9A8-4B3A-B45D-536FCB81776F}.Debug|Any CPU.ActiveCfg = Debug|Any CPU
		{BEEB5CDA-B9A8-4B3A-B45D-536FCB81776F}.Debug|Any CPU.Build.0 = Debug|Any CPU
		{BEEB5CDA-B9A8-4B3A-B45D-536FCB81776F}.Release|Any CPU.ActiveCfg = Release|Any CPU
		{BEEB5CDA-B9A8-4B3A-B45D-536FCB81776F}.Release|Any CPU.Build.0 = Release|Any CPU
	EndGlobalSection
	GlobalSection(SolutionProperties) = preSolution
		HideSolutionNode = FALSE
	EndGlobalSection
	GlobalSection(ExtensibilityGlobals) = postSolution
		SolutionGuid = {EC4DEA24-1B24-4EB7-92E6-38042B442FE1}
	EndGlobalSection
EndGlobal
